
Microsoft Visual Studio Solution File, Format Version 12.00
# Visual Studio 2012
Project("{FAE04EC0-301F-11D3-BF4B-00C04F79EFBC}") = "LaoBernardBSCS3A_AdvDBMS_PrelimExam", "LaoBernardBSCS3A_AdvDBMS_Ass1\LaoBernardBSCS3A_AdvDBMS_PrelimExam.csproj", "{E7083C34-D788-4BE5-B063-2C88810D9419}"
EndProject
Project("{930C7802-8A8C-48F9-8165-68863BCCD9DD}") = "MySetup", "MySetup\MySetup.wixproj", "{3721D7AB-FCDC-4751-8736-7E91C3632B29}"
EndProject
Global
	GlobalSection(SolutionConfigurationPlatforms) = preSolution
		Debug|Any CPU = Debug|Any CPU
		Debug|Mixed Platforms = Debug|Mixed Platforms
		Debug|x86 = Debug|x86
		Release|Any CPU = Release|Any CPU
		Release|Mixed Platforms = Release|Mixed Platforms
		Release|x86 = Release|x86
	EndGlobalSection
	GlobalSection(ProjectConfigurationPlatforms) = postSolution
		{E7083C34-D788-4BE5-B063-2C88810D9419}.Debug|Any CPU.ActiveCfg = Debug|Any CPU
		{E7083C34-D788-4BE5-B063-2C88810D9419}.Debug|Any CPU.Build.0 = Debug|Any CPU
		{E7083C34-D788-4BE5-B063-2C88810D9419}.Debug|Mixed Platforms.ActiveCfg = Debug|Any CPU
		{E7083C34-D788-4BE5-B063-2C88810D9419}.Debug|Mixed Platforms.Build.0 = Debug|Any CPU
		{E7083C34-D788-4BE5-B063-2C88810D9419}.Debug|x86.ActiveCfg = Debug|Any CPU
		{E7083C34-D788-4BE5-B063-2C88810D9419}.Release|Any CPU.ActiveCfg = Release|Any CPU
		{E7083C34-D788-4BE5-B063-2C88810D9419}.Release|Any CPU.Build.0 = Release|Any CPU
		{E7083C34-D788-4BE5-B063-2C88810D9419}.Release|Mixed Platforms.ActiveCfg = Release|Any CPU
		{E7083C34-D788-4BE5-B063-2C88810D9419}.Release|Mixed Platforms.Build.0 = Release|Any CPU
		{E7083C34-D788-4BE5-B063-2C88810D9419}.Release|x86.ActiveCfg = Release|Any CPU
		{3721D7AB-FCDC-4751-8736-7E91C3632B29}.Debug|Any CPU.ActiveCfg = Debug|x86
		{3721D7AB-FCDC-4751-8736-7E91C3632B29}.Debug|Mixed Platforms.ActiveCfg = Debug|x86
		{3721D7AB-FCDC-4751-8736-7E91C3632B29}.Debug|Mixed Platforms.Build.0 = Debug|x86
		{3721D7AB-FCDC-4751-8736-7E91C3632B29}.Debug|x86.ActiveCfg = Debug|x86
		{3721D7AB-FCDC-4751-8736-7E91C3632B29}.Debug|x86.Build.0 = Debug|x86
		{3721D7AB-FCDC-4751-8736-7E91C3632B29}.Release|Any CPU.ActiveCfg = Release|x86
		{3721D7AB-FCDC-4751-8736-7E91C3632B29}.Release|Mixed Platforms.ActiveCfg = Release|x86
		{3721D7AB-FCDC-4751-8736-7E91C3632B29}.Release|Mixed Platforms.Build.0 = Release|x86
		{3721D7AB-FCDC-4751-8736-7E91C3632B29}.Release|x86.ActiveCfg = Release|x86
		{3721D7AB-FCDC-4751-8736-7E91C3632B29}.Release|x86.Build.0 = Release|x86
	EndGlobalSection
	GlobalSection(SolutionProperties) = preSolution
		HideSolutionNode = FALSE
	EndGlobalSection
EndGlobal
